
Microsoft Visual Studio Solution File, Format Version 12.00
# Visual Studio 2012
Project("{f2a71f9b-5d33-465a-a702-920d77279786}") = "asd-fs-test", "asd-fs-test\asd-fs-test.fsproj", "{CC3CC3B1-5F40-46BC-BF33-2CB1909ED77A}"
EndProject
Global
	GlobalSection(SolutionConfigurationPlatforms) = preSolution
		Debug|x86 = Debug|x86
		Release|x86 = Release|x86
	EndGlobalSection
	GlobalSection(ProjectConfigurationPlatforms) = postSolution
		{CC3CC3B1-5F40-46BC-BF33-2CB1909ED77A}.Debug|x86.ActiveCfg = Debug|x86
		{CC3CC3B1-5F40-46BC-BF33-2CB1909ED77A}.Debug|x86.Build.0 = Debug|x86
		{CC3CC3B1-5F40-46BC-BF33-2CB1909ED77A}.Release|x86.ActiveCfg = Release|x86
		{CC3CC3B1-5F40-46BC-BF33-2CB1909ED77A}.Release|x86.Build.0 = Release|x86
	EndGlobalSection
	GlobalSection(MonoDevelopProperties) = preSolution
		Policies = $0
		$0.DotNetNamingPolicy = $1
		$1.DirectoryNamespaceAssociation = PrefixedHierarchical
		$0.TextStylePolicy = $2
		$2.FileWidth = 80
		$2.TabsToSpaces = True
		$2.scope = text/x-fsharp
		$0.FSharpFormattingPolicy = $3
		$3.DefaultFormat = $4
		$4.IndentOnTryWith = False
		$4.ReorderOpenDeclaration = False
		$4.SpaceAfterComma = True
		$4.SpaceAfterSemicolon = True
		$4.SpaceAroundDelimiter = True
		$4.SpaceBeforeArgument = True
		$4.SpaceBeforeColon = True
		$4.__added = 0
		$3.scope = text/x-fsharp
		$0.TextStylePolicy = $5
		$5.inheritsSet = null
		$5.scope = application/xml
		$0.XmlFormattingPolicy = $6
		$6.scope = application/xml
		$0.StandardHeader = $7
	EndGlobalSection
EndGlobal
